
Microsoft Visual Studio Solution File, Format Version 12.00
# Visual Studio 15
VisualStudioVersion = 15.0.27004.2006
MinimumVisualStudioVersion = 10.0.40219.1
Project("{2150E333-8FDC-42A3-9474-1A3956D46DE8}") = ".nuget", ".nuget", "{3AF5BFE3-2182-4A8A-A770-D3121875CD39}"
	ProjectSection(SolutionItems) = preProject
		.nuget\NuGet.config = .nuget\NuGet.config
	EndProjectSection
EndProject
Project("{FAE04EC0-301F-11D3-BF4B-00C04F79EFBC}") = "HorlogeChambre", "HorlogeChambre\HorlogeChambre.csproj", "{D91C1DBB-7BD0-4B66-9B55-BD443FC8053C}"
EndProject
Project("{FAE04EC0-301F-11D3-BF4B-00C04F79EFBC}") = "HorlogeChambre.Data", "HorlogeChambre.Data\HorlogeChambre.Data.csproj", "{F43D8A53-A709-4C17-8D7D-D003CF97D08F}"
EndProject
Project("{FAE04EC0-301F-11D3-BF4B-00C04F79EFBC}") = "HorlogeChambre.ReadModel", "HorlogeChambre.ReadModel\HorlogeChambre.ReadModel.csproj", "{F401A529-E84A-4F53-9EA0-92CCD09EE3B9}"
EndProject
Project("{FAE04EC0-301F-11D3-BF4B-00C04F79EFBC}") = "HorlogeChambre.UI", "HorlogeChambre.UI\HorlogeChambre.UI.csproj", "{94E17CA8-F401-47E8-AF1A-72FEE236C576}"
EndProject
Global
	GlobalSection(SolutionConfigurationPlatforms) = preSolution
		Debug|Any CPU = Debug|Any CPU
		Release|Any CPU = Release|Any CPU
	EndGlobalSection
	GlobalSection(ProjectConfigurationPlatforms) = postSolution
		{D91C1DBB-7BD0-4B66-9B55-BD443FC8053C}.Debug|Any CPU.ActiveCfg = Debug|Any CPU
		{D91C1DBB-7BD0-4B66-9B55-BD443FC8053C}.Debug|Any CPU.Build.0 = Debug|Any CPU
		{D91C1DBB-7BD0-4B66-9B55-BD443FC8053C}.Release|Any CPU.ActiveCfg = Release|Any CPU
		{D91C1DBB-7BD0-4B66-9B55-BD443FC8053C}.Release|Any CPU.Build.0 = Release|Any CPU
		{F43D8A53-A709-4C17-8D7D-D003CF97D08F}.Debug|Any CPU.ActiveCfg = Debug|Any CPU
		{F43D8A53-A709-4C17-8D7D-D003CF97D08F}.Debug|Any CPU.Build.0 = Debug|Any CPU
		{F43D8A53-A709-4C17-8D7D-D003CF97D08F}.Release|Any CPU.ActiveCfg = Release|Any CPU
		{F43D8A53-A709-4C17-8D7D-D003CF97D08F}.Release|Any CPU.Build.0 = Release|Any CPU
		{F401A529-E84A-4F53-9EA0-92CCD09EE3B9}.Debug|Any CPU.ActiveCfg = Debug|Any CPU
		{F401A529-E84A-4F53-9EA0-92CCD09EE3B9}.Debug|Any CPU.Build.0 = Debug|Any CPU
		{F401A529-E84A-4F53-9EA0-92CCD09EE3B9}.Release|Any CPU.ActiveCfg = Release|Any CPU
		{F401A529-E84A-4F53-9EA0-92CCD09EE3B9}.Release|Any CPU.Build.0 = Release|Any CPU
		{94E17CA8-F401-47E8-AF1A-72FEE236C576}.Debug|Any CPU.ActiveCfg = Debug|Any CPU
		{94E17CA8-F401-47E8-AF1A-72FEE236C576}.Debug|Any CPU.Build.0 = Debug|Any CPU
		{94E17CA8-F401-47E8-AF1A-72FEE236C576}.Release|Any CPU.ActiveCfg = Release|Any CPU
		{94E17CA8-F401-47E8-AF1A-72FEE236C576}.Release|Any CPU.Build.0 = Release|Any CPU
	EndGlobalSection
	GlobalSection(SolutionProperties) = preSolution
		HideSolutionNode = FALSE
	EndGlobalSection
	GlobalSection(ExtensibilityGlobals) = postSolution
		SolutionGuid = {75E0FCE1-FB89-4FF1-A678-0994FE3129C9}
	EndGlobalSection
	GlobalSection(TeamFoundationVersionControl) = preSolution
		SccNumberOfProjects = 5
		SccEnterpriseProvider = {4CA58AB2-18FA-4F8D-95D4-32DDF27D184C}
		SccTeamFoundationServer = https://samuarcher.visualstudio.com/
		SccLocalPath0 = .
		SccProjectUniqueName1 = HorlogeChambre\\HorlogeChambre.csproj
		SccProjectName1 = HorlogeChambre
		SccLocalPath1 = HorlogeChambre
		SccProjectUniqueName2 = HorlogeChambre.Data\\HorlogeChambre.Data.csproj
		SccProjectName2 = HorlogeChambre.Data
		SccLocalPath2 = HorlogeChambre.Data
		SccProjectUniqueName3 = HorlogeChambre.ReadModel\\HorlogeChambre.ReadModel.csproj
		SccProjectName3 = HorlogeChambre.ReadModel
		SccLocalPath3 = HorlogeChambre.ReadModel
		SccProjectUniqueName4 = HorlogeChambre.UI\\HorlogeChambre.UI.csproj
		SccProjectName4 = HorlogeChambre.UI
		SccLocalPath4 = HorlogeChambre.UI
	EndGlobalSection
EndGlobal
